PODS:
  - GzipSwift (4.1.0)
  - Swifter (1.4.5)

DEPENDENCIES:
  - GzipSwift (~> 4.1.0)
  - Swifter (~> 1.4.5)

SPEC REPOS:
  https://github.com/cocoapods/specs.git:
    - GzipSwift
    - Swifter

SPEC CHECKSUMS:
  GzipSwift: df1636fa095bd8f21d98db14e7393ecc9e230fed
  Swifter: eb2bc1d192a1c09169c7fefd01971565fa940521

PODFILE CHECKSUM: 99bca333cdf47e3602883c160ccadd3a8f0d852c

COCOAPODS: 1.7.0
