// !$*UTF8*$!
{
	archiveVersion = 1;
	classes = {
	};
	objectVersion = 51;
	objects = {

/* Begin PBXBuildFile section */
		1005806821C65F4A0020288D /* NetworkLogger.framework in Frameworks */ = {isa = PBXBuildFile; fileRef = 1005805E21C65F490020288D /* NetworkLogger.framework */; };
		1005806D21C65F4A0020288D /* NetworkLoggerTests.swift in Sources */ = {isa = PBXBuildFile; fileRef = 1005806C21C65F4A0020288D /* NetworkLoggerTests.swift */; };
		1005806F21C65F4A0020288D /* NetworkLogger.h in Headers */ = {isa = PBXBuildFile; fileRef = 1005806121C65F490020288D /* NetworkLogger.h */; settings = {ATTRIBUTES = (Public, ); }; };
		1005807921C685000020288D /* NetworkLogger.swift in Sources */ = {isa = PBXBuildFile; fileRef = 1005807821C685000020288D /* NetworkLogger.swift */; };
		10142E0522F4710100217BF2 /* MIMEChecker.swift in Sources */ = {isa = PBXBuildFile; fileRef = 10142E0422F4710100217BF2 /* MIMEChecker.swift */; };
		1017F84122C1C9F4000D185E /* NLFilterManager.swift in Sources */ = {isa = PBXBuildFile; fileRef = 1017F84022C1C9F4000D185E /* NLFilterManager.swift */; };
		101CA0B3230F23300063B0CF /* NLUIBaseViewController.swift in Sources */ = {isa = PBXBuildFile; fileRef = 101CA0B2230F23300063B0CF /* NLUIBaseViewController.swift */; };
		10289E76230FCE4A00FDE204 /* NLUILogHandler.swift in Sources */ = {isa = PBXBuildFile; fileRef = 10289E75230FCE4A00FDE204 /* NLUILogHandler.swift */; };
		10301A4E2213334B00BCB339 /* NetworkAPI.swift in Sources */ = {isa = PBXBuildFile; fileRef = 10301A4D2213334B00BCB339 /* NetworkAPI.swift */; };
		10398B39220B557100EDFC05 /* NetworkInterceptorTests.swift in Sources */ = {isa = PBXBuildFile; fileRef = 10398B38220B557100EDFC05 /* NetworkInterceptorTests.swift */; };
		1047D7FA22CA7BAF000A7B6C /* AppUtils.swift in Sources */ = {isa = PBXBuildFile; fileRef = 1047D7F922CA7BAF000A7B6C /* AppUtils.swift */; };
		106BB6942304A91D007968A8 /* NLMainUI.storyboard in Resources */ = {isa = PBXBuildFile; fileRef = 106BB6932304A91D007968A8 /* NLMainUI.storyboard */; };
		106DC65B22D4C9D10037DC28 /* NLLogData.swift in Sources */ = {isa = PBXBuildFile; fileRef = 106DC65A22D4C9D10037DC28 /* NLLogData.swift */; };
		108576A221FDD662008ABD2B /* NLFilter.swift in Sources */ = {isa = PBXBuildFile; fileRef = 1085768C21FDD662008ABD2B /* NLFilter.swift */; };
		108576A621FDD662008ABD2B /* JSONUtils.swift in Sources */ = {isa = PBXBuildFile; fileRef = 1085769321FDD662008ABD2B /* JSONUtils.swift */; };
		108576A721FDD662008ABD2B /* AppConstants.swift in Sources */ = {isa = PBXBuildFile; fileRef = 1085769421FDD662008ABD2B /* AppConstants.swift */; };
		108576A821FDD662008ABD2B /* NetworkInterceptor.swift in Sources */ = {isa = PBXBuildFile; fileRef = 1085769621FDD662008ABD2B /* NetworkInterceptor.swift */; };
		108576A921FDD662008ABD2B /* NLLogHandler.swift in Sources */ = {isa = PBXBuildFile; fileRef = 1085769921FDD662008ABD2B /* NLLogHandler.swift */; };
		108576AA21FDD662008ABD2B /* NLRemoteLogHandler.swift in Sources */ = {isa = PBXBuildFile; fileRef = 1085769A21FDD662008ABD2B /* NLRemoteLogHandler.swift */; };
		108576AB21FDD662008ABD2B /* NLConsoleLogHandler.swift in Sources */ = {isa = PBXBuildFile; fileRef = 1085769B21FDD662008ABD2B /* NLConsoleLogHandler.swift */; };
		108576AC21FDD662008ABD2B /* NLSlackLogHandler.swift in Sources */ = {isa = PBXBuildFile; fileRef = 1085769C21FDD662008ABD2B /* NLSlackLogHandler.swift */; };
		108576AE21FDD662008ABD2B /* URLRequest+cURL.swift in Sources */ = {isa = PBXBuildFile; fileRef = 1085769E21FDD662008ABD2B /* URLRequest+cURL.swift */; };
		108576AF21FDD662008ABD2B /* LogComposer.swift in Sources */ = {isa = PBXBuildFile; fileRef = 1085769F21FDD662008ABD2B /* LogComposer.swift */; };
		108576B821FDD99A008ABD2B /* Extensions.swift in Sources */ = {isa = PBXBuildFile; fileRef = 108576B721FDD99A008ABD2B /* Extensions.swift */; };
		1090C206230724DC00575550 /* NLLogListViewController.swift in Sources */ = {isa = PBXBuildFile; fileRef = 1090C205230724DC00575550 /* NLLogListViewController.swift */; };
		1090C2082307250E00575550 /* NLFiltersViewController.swift in Sources */ = {isa = PBXBuildFile; fileRef = 1090C2072307250E00575550 /* NLFiltersViewController.swift */; };
		1090C20A2307252200575550 /* NLSettingsViewController.swift in Sources */ = {isa = PBXBuildFile; fileRef = 1090C2092307252200575550 /* NLSettingsViewController.swift */; };
		1090C20C2307403900575550 /* NLUIHelper.swift in Sources */ = {isa = PBXBuildFile; fileRef = 1090C20B2307403900575550 /* NLUIHelper.swift */; };
		10AA00D921FE34E6006E4A48 /* R&DConclusions.md in Resources */ = {isa = PBXBuildFile; fileRef = 10AA00D721FE34E6006E4A48 /* R&DConclusions.md */; };
		10AA00DA21FE34E6006E4A48 /* Technical.md in Resources */ = {isa = PBXBuildFile; fileRef = 10AA00D821FE34E6006E4A48 /* Technical.md */; };
		10B4076822626644000FD18E /* NLURLProtocol.swift in Sources */ = {isa = PBXBuildFile; fileRef = 10B4076722626644000FD18E /* NLURLProtocol.swift */; };
		10BC314822CD2FD20020167D /* NLAuthenticationChallengeSender.swift in Sources */ = {isa = PBXBuildFile; fileRef = 10BC314722CD2FD20020167D /* NLAuthenticationChallengeSender.swift */; };
		10BE806B2233C8B800A147BC /* TestUtils.swift in Sources */ = {isa = PBXBuildFile; fileRef = 10BE806A2233C8B800A147BC /* TestUtils.swift */; };
		10C7268F222DA0BE00239900 /* NLFileLogHandler.swift in Sources */ = {isa = PBXBuildFile; fileRef = 10C7268E222DA0BE00239900 /* NLFileLogHandler.swift */; };
		10C72691222DAC2D00239900 /* NLBaseLogHandler.swift in Sources */ = {isa = PBXBuildFile; fileRef = 10C72690222DAC2D00239900 /* NLBaseLogHandler.swift */; };
		10D094C422E4EE0A0020D9DB /* NLLoader.m in Sources */ = {isa = PBXBuildFile; fileRef = 10D094C322E4EE0A0020D9DB /* NLLoader.m */; };
		10F73E5D22DA011900257A7B /* NLLogFormatter.swift in Sources */ = {isa = PBXBuildFile; fileRef = 10F73E5C22DA011900257A7B /* NLLogFormatter.swift */; };
		10F8A9BB230E731300C17B4A /* NLUIManager.swift in Sources */ = {isa = PBXBuildFile; fileRef = 10F8A9BA230E731300C17B4A /* NLUIManager.swift */; };
		10F8A9BD230E761400C17B4A /* NLUIExtensions.swift in Sources */ = {isa = PBXBuildFile; fileRef = 10F8A9BC230E761400C17B4A /* NLUIExtensions.swift */; };
		810828F0BE75B409F66B3346 /* Pods_NetworkLoggerTests.framework in Frameworks */ = {isa = PBXBuildFile; fileRef = 9290FC19A9F604788CF2BA30 /* Pods_NetworkLoggerTests.framework */; };
		D1580A580636FA1A49686D54 /* Pods_NetworkLogger.framework in Frameworks */ = {isa = PBXBuildFile; fileRef = C1F8FC2C73F89A2A638E1F47 /* Pods_NetworkLogger.framework */; };
/* End PBXBuildFile section */

/* Begin PBXContainerItemProxy section */
		1005806921C65F4A0020288D /* PBXContainerItemProxy */ = {
			isa = PBXContainerItemProxy;
			containerPortal = 1005805521C65F490020288D /* Project object */;
			proxyType = 1;
			remoteGlobalIDString = 1005805D21C65F490020288D;
			remoteInfo = NetworkLogger;
		};
/* End PBXContainerItemProxy section */

/* Begin PBXFileReference section */
		1005805E21C65F490020288D /* NetworkLogger.framework */ = {isa = PBXFileReference; explicitFileType = wrapper.framework; includeInIndex = 0; path = NetworkLogger.framework; sourceTree = BUILT_PRODUCTS_DIR; };
		1005806121C65F490020288D /* NetworkLogger.h */ = {isa = PBXFileReference; lastKnownFileType = sourcecode.c.h; path = NetworkLogger.h; sourceTree = "<group>"; };
		1005806221C65F490020288D /* Info.plist */ = {isa = PBXFileReference; lastKnownFileType = text.plist.xml; path = Info.plist; sourceTree = "<group>"; };
		1005806721C65F4A0020288D /* NetworkLoggerTests.xctest */ = {isa = PBXFileReference; explicitFileType = wrapper.cfbundle; includeInIndex = 0; path = NetworkLoggerTests.xctest; sourceTree = BUILT_PRODUCTS_DIR; };
		1005806C21C65F4A0020288D /* NetworkLoggerTests.swift */ = {isa = PBXFileReference; lastKnownFileType = sourcecode.swift; path = NetworkLoggerTests.swift; sourceTree = "<group>"; };
		1005806E21C65F4A0020288D /* Info.plist */ = {isa = PBXFileReference; lastKnownFileType = text.plist.xml; path = Info.plist; sourceTree = "<group>"; };
		1005807821C685000020288D /* NetworkLogger.swift */ = {isa = PBXFileReference; lastKnownFileType = sourcecode.swift; path = NetworkLogger.swift; sourceTree = "<group>"; };
		10142E0422F4710100217BF2 /* MIMEChecker.swift */ = {isa = PBXFileReference; fileEncoding = 4; lastKnownFileType = sourcecode.swift; path = MIMEChecker.swift; sourceTree = "<group>"; };
		1017F84022C1C9F4000D185E /* NLFilterManager.swift */ = {isa = PBXFileReference; lastKnownFileType = sourcecode.swift; path = NLFilterManager.swift; sourceTree = "<group>"; };
		101CA0B2230F23300063B0CF /* NLUIBaseViewController.swift */ = {isa = PBXFileReference; lastKnownFileType = sourcecode.swift; path = NLUIBaseViewController.swift; sourceTree = "<group>"; };
		10289E75230FCE4A00FDE204 /* NLUILogHandler.swift */ = {isa = PBXFileReference; lastKnownFileType = sourcecode.swift; path = NLUILogHandler.swift; sourceTree = "<group>"; };
		10301A4D2213334B00BCB339 /* NetworkAPI.swift */ = {isa = PBXFileReference; lastKnownFileType = sourcecode.swift; path = NetworkAPI.swift; sourceTree = "<group>"; };
		10398B38220B557100EDFC05 /* NetworkInterceptorTests.swift */ = {isa = PBXFileReference; lastKnownFileType = sourcecode.swift; path = NetworkInterceptorTests.swift; sourceTree = "<group>"; };
		1047D7F922CA7BAF000A7B6C /* AppUtils.swift */ = {isa = PBXFileReference; lastKnownFileType = sourcecode.swift; path = AppUtils.swift; sourceTree = "<group>"; };
		106BB6932304A91D007968A8 /* NLMainUI.storyboard */ = {isa = PBXFileReference; lastKnownFileType = file.storyboard; path = NLMainUI.storyboard; sourceTree = "<group>"; };
		106DC65A22D4C9D10037DC28 /* NLLogData.swift */ = {isa = PBXFileReference; lastKnownFileType = sourcecode.swift; path = NLLogData.swift; sourceTree = "<group>"; };
		1085768C21FDD662008ABD2B /* NLFilter.swift */ = {isa = PBXFileReference; fileEncoding = 4; lastKnownFileType = sourcecode.swift; path = NLFilter.swift; sourceTree = "<group>"; };
		1085769321FDD662008ABD2B /* JSONUtils.swift */ = {isa = PBXFileReference; fileEncoding = 4; lastKnownFileType = sourcecode.swift; path = JSONUtils.swift; sourceTree = "<group>"; };
		1085769421FDD662008ABD2B /* AppConstants.swift */ = {isa = PBXFileReference; fileEncoding = 4; lastKnownFileType = sourcecode.swift; path = AppConstants.swift; sourceTree = "<group>"; };
		1085769621FDD662008ABD2B /* NetworkInterceptor.swift */ = {isa = PBXFileReference; fileEncoding = 4; lastKnownFileType = sourcecode.swift; path = NetworkInterceptor.swift; sourceTree = "<group>"; };
		1085769921FDD662008ABD2B /* NLLogHandler.swift */ = {isa = PBXFileReference; fileEncoding = 4; lastKnownFileType = sourcecode.swift; path = NLLogHandler.swift; sourceTree = "<group>"; };
		1085769A21FDD662008ABD2B /* NLRemoteLogHandler.swift */ = {isa = PBXFileReference; fileEncoding = 4; lastKnownFileType = sourcecode.swift; path = NLRemoteLogHandler.swift; sourceTree = "<group>"; };
		1085769B21FDD662008ABD2B /* NLConsoleLogHandler.swift */ = {isa = PBXFileReference; fileEncoding = 4; lastKnownFileType = sourcecode.swift; path = NLConsoleLogHandler.swift; sourceTree = "<group>"; };
		1085769C21FDD662008ABD2B /* NLSlackLogHandler.swift */ = {isa = PBXFileReference; fileEncoding = 4; lastKnownFileType = sourcecode.swift; path = NLSlackLogHandler.swift; sourceTree = "<group>"; };
		1085769E21FDD662008ABD2B /* URLRequest+cURL.swift */ = {isa = PBXFileReference; fileEncoding = 4; lastKnownFileType = sourcecode.swift; path = "URLRequest+cURL.swift"; sourceTree = "<group>"; };
		1085769F21FDD662008ABD2B /* LogComposer.swift */ = {isa = PBXFileReference; fileEncoding = 4; lastKnownFileType = sourcecode.swift; path = LogComposer.swift; sourceTree = "<group>"; };
		108576B721FDD99A008ABD2B /* Extensions.swift */ = {isa = PBXFileReference; fileEncoding = 4; lastKnownFileType = sourcecode.swift; path = Extensions.swift; sourceTree = "<group>"; };
		1090C205230724DC00575550 /* NLLogListViewController.swift */ = {isa = PBXFileReference; lastKnownFileType = sourcecode.swift; path = NLLogListViewController.swift; sourceTree = "<group>"; };
		1090C2072307250E00575550 /* NLFiltersViewController.swift */ = {isa = PBXFileReference; lastKnownFileType = sourcecode.swift; path = NLFiltersViewController.swift; sourceTree = "<group>"; };
		1090C2092307252200575550 /* NLSettingsViewController.swift */ = {isa = PBXFileReference; lastKnownFileType = sourcecode.swift; path = NLSettingsViewController.swift; sourceTree = "<group>"; };
		1090C20B2307403900575550 /* NLUIHelper.swift */ = {isa = PBXFileReference; lastKnownFileType = sourcecode.swift; path = NLUIHelper.swift; sourceTree = "<group>"; };
		10AA00D721FE34E6006E4A48 /* R&DConclusions.md */ = {isa = PBXFileReference; fileEncoding = 4; lastKnownFileType = net.daringfireball.markdown; path = "R&DConclusions.md"; sourceTree = "<group>"; };
		10AA00D821FE34E6006E4A48 /* Technical.md */ = {isa = PBXFileReference; fileEncoding = 4; lastKnownFileType = net.daringfireball.markdown; path = Technical.md; sourceTree = "<group>"; };
		10B4076722626644000FD18E /* NLURLProtocol.swift */ = {isa = PBXFileReference; lastKnownFileType = sourcecode.swift; path = NLURLProtocol.swift; sourceTree = "<group>"; };
		10BC314722CD2FD20020167D /* NLAuthenticationChallengeSender.swift */ = {isa = PBXFileReference; lastKnownFileType = sourcecode.swift; path = NLAuthenticationChallengeSender.swift; sourceTree = "<group>"; };
		10BE806A2233C8B800A147BC /* TestUtils.swift */ = {isa = PBXFileReference; lastKnownFileType = sourcecode.swift; path = TestUtils.swift; sourceTree = "<group>"; };
		10C7268E222DA0BE00239900 /* NLFileLogHandler.swift */ = {isa = PBXFileReference; lastKnownFileType = sourcecode.swift; path = NLFileLogHandler.swift; sourceTree = "<group>"; };
		10C72690222DAC2D00239900 /* NLBaseLogHandler.swift */ = {isa = PBXFileReference; lastKnownFileType = sourcecode.swift; path = NLBaseLogHandler.swift; sourceTree = "<group>"; };
		10D094C322E4EE0A0020D9DB /* NLLoader.m */ = {isa = PBXFileReference; lastKnownFileType = sourcecode.c.objc; path = NLLoader.m; sourceTree = "<group>"; };
		10F73E5C22DA011900257A7B /* NLLogFormatter.swift */ = {isa = PBXFileReference; lastKnownFileType = sourcecode.swift; path = NLLogFormatter.swift; sourceTree = "<group>"; };
		10F8A9BA230E731300C17B4A /* NLUIManager.swift */ = {isa = PBXFileReference; fileEncoding = 4; lastKnownFileType = sourcecode.swift; path = NLUIManager.swift; sourceTree = "<group>"; };
		10F8A9BC230E761400C17B4A /* NLUIExtensions.swift */ = {isa = PBXFileReference; lastKnownFileType = sourcecode.swift; path = NLUIExtensions.swift; sourceTree = "<group>"; };
		21645FAD8427AE2A6A40555C /* Pods-NetworkLogger.release.xcconfig */ = {isa = PBXFileReference; includeInIndex = 1; lastKnownFileType = text.xcconfig; name = "Pods-NetworkLogger.release.xcconfig"; path = "Pods/Target Support Files/Pods-NetworkLogger/Pods-NetworkLogger.release.xcconfig"; sourceTree = "<group>"; };
		2403541FE129CA8495F890D4 /* Pods-NetworkLogger.debug.xcconfig */ = {isa = PBXFileReference; includeInIndex = 1; lastKnownFileType = text.xcconfig; name = "Pods-NetworkLogger.debug.xcconfig"; path = "Pods/Target Support Files/Pods-NetworkLogger/Pods-NetworkLogger.debug.xcconfig"; sourceTree = "<group>"; };
		62644C211F75EBCE77D9D635 /* Pods-NetworkLoggerTests.release.xcconfig */ = {isa = PBXFileReference; includeInIndex = 1; lastKnownFileType = text.xcconfig; name = "Pods-NetworkLoggerTests.release.xcconfig"; path = "Pods/Target Support Files/Pods-NetworkLoggerTests/Pods-NetworkLoggerTests.release.xcconfig"; sourceTree = "<group>"; };
		916282C86F8A8E7A7A6EAF88 /* Pods-NetworkLoggerTests.debug.xcconfig */ = {isa = PBXFileReference; includeInIndex = 1; lastKnownFileType = text.xcconfig; name = "Pods-NetworkLoggerTests.debug.xcconfig"; path = "Pods/Target Support Files/Pods-NetworkLoggerTests/Pods-NetworkLoggerTests.debug.xcconfig"; sourceTree = "<group>"; };
		9290FC19A9F604788CF2BA30 /* Pods_NetworkLoggerTests.framework */ = {isa = PBXFileReference; explicitFileType = wrapper.framework; includeInIndex = 0; path = Pods_NetworkLoggerTests.framework; sourceTree = BUILT_PRODUCTS_DIR; };
		C1F8FC2C73F89A2A638E1F47 /* Pods_NetworkLogger.framework */ = {isa = PBXFileReference; explicitFileType = wrapper.framework; includeInIndex = 0; path = Pods_NetworkLogger.framework; sourceTree = BUILT_PRODUCTS_DIR; };
/* End PBXFileReference section */

/* Begin PBXFrameworksBuildPhase section */
		1005805B21C65F490020288D /* Frameworks */ = {
			isa = PBXFrameworksBuildPhase;
			buildActionMask = 2147483647;
			files = (
				D1580A580636FA1A49686D54 /* Pods_NetworkLogger.framework in Frameworks */,
			);
			runOnlyForDeploymentPostprocessing = 0;
		};
		1005806421C65F4A0020288D /* Frameworks */ = {
			isa = PBXFrameworksBuildPhase;
			buildActionMask = 2147483647;
			files = (
				1005806821C65F4A0020288D /* NetworkLogger.framework in Frameworks */,
				810828F0BE75B409F66B3346 /* Pods_NetworkLoggerTests.framework in Frameworks */,
			);
			runOnlyForDeploymentPostprocessing = 0;
		};
/* End PBXFrameworksBuildPhase section */

/* Begin PBXGroup section */
		1005805421C65F490020288D = {
			isa = PBXGroup;
			children = (
				1005806021C65F490020288D /* NetworkLogger */,
				1005806B21C65F4A0020288D /* NetworkLoggerTests */,
				1005805F21C65F490020288D /* Products */,
				5EF4AC20FDA5093C4C97ACF3 /* Pods */,
				E8915F63EF3B82F0FF848A17 /* Frameworks */,
			);
			sourceTree = "<group>";
		};
		1005805F21C65F490020288D /* Products */ = {
			isa = PBXGroup;
			children = (
				1005805E21C65F490020288D /* NetworkLogger.framework */,
				1005806721C65F4A0020288D /* NetworkLoggerTests.xctest */,
			);
			name = Products;
			sourceTree = "<group>";
		};
		1005806021C65F490020288D /* NetworkLogger */ = {
			isa = PBXGroup;
			children = (
				106BB6922304A882007968A8 /* UI */,
				10AA00D621FE34E6006E4A48 /* Docs */,
				1005807821C685000020288D /* NetworkLogger.swift */,
				1085768B21FDD662008ABD2B /* Filters */,
				1085769721FDD662008ABD2B /* Logger */,
				1085768821FDD661008ABD2B /* Models */,
				1085769521FDD662008ABD2B /* NetworkInterceptor */,
				1085769221FDD662008ABD2B /* Utils */,
				1005806121C65F490020288D /* NetworkLogger.h */,
				1005806221C65F490020288D /* Info.plist */,
			);
			path = NetworkLogger;
			sourceTree = "<group>";
		};
		1005806B21C65F4A0020288D /* NetworkLoggerTests */ = {
			isa = PBXGroup;
			children = (
				1005806C21C65F4A0020288D /* NetworkLoggerTests.swift */,
				1005806E21C65F4A0020288D /* Info.plist */,
				10398B38220B557100EDFC05 /* NetworkInterceptorTests.swift */,
				10301A4D2213334B00BCB339 /* NetworkAPI.swift */,
				10BE806A2233C8B800A147BC /* TestUtils.swift */,
			);
			path = NetworkLoggerTests;
			sourceTree = "<group>";
		};
		106BB6922304A882007968A8 /* UI */ = {
			isa = PBXGroup;
			children = (
				106BB6932304A91D007968A8 /* NLMainUI.storyboard */,
				1090C205230724DC00575550 /* NLLogListViewController.swift */,
				1090C2072307250E00575550 /* NLFiltersViewController.swift */,
				1090C2092307252200575550 /* NLSettingsViewController.swift */,
				1090C20B2307403900575550 /* NLUIHelper.swift */,
				10F8A9BA230E731300C17B4A /* NLUIManager.swift */,
				10F8A9BC230E761400C17B4A /* NLUIExtensions.swift */,
				101CA0B2230F23300063B0CF /* NLUIBaseViewController.swift */,
				10289E75230FCE4A00FDE204 /* NLUILogHandler.swift */,
			);
			path = UI;
			sourceTree = "<group>";
		};
		1085768821FDD661008ABD2B /* Models */ = {
			isa = PBXGroup;
			children = (
				106DC65A22D4C9D10037DC28 /* NLLogData.swift */,
			);
			path = Models;
			sourceTree = "<group>";
		};
		1085768B21FDD662008ABD2B /* Filters */ = {
			isa = PBXGroup;
			children = (
				1085768C21FDD662008ABD2B /* NLFilter.swift */,
				1017F84022C1C9F4000D185E /* NLFilterManager.swift */,
			);
			path = Filters;
			sourceTree = "<group>";
		};
		1085769221FDD662008ABD2B /* Utils */ = {
			isa = PBXGroup;
			children = (
				10142E0422F4710100217BF2 /* MIMEChecker.swift */,
				108576B721FDD99A008ABD2B /* Extensions.swift */,
				1085769321FDD662008ABD2B /* JSONUtils.swift */,
				1085769421FDD662008ABD2B /* AppConstants.swift */,
				1047D7F922CA7BAF000A7B6C /* AppUtils.swift */,
			);
			path = Utils;
			sourceTree = "<group>";
		};
		1085769521FDD662008ABD2B /* NetworkInterceptor */ = {
			isa = PBXGroup;
			children = (
				1085769621FDD662008ABD2B /* NetworkInterceptor.swift */,
				10B4076722626644000FD18E /* NLURLProtocol.swift */,
				10BC314722CD2FD20020167D /* NLAuthenticationChallengeSender.swift */,
				10D094C322E4EE0A0020D9DB /* NLLoader.m */,
			);
			path = NetworkInterceptor;
			sourceTree = "<group>";
		};
		1085769721FDD662008ABD2B /* Logger */ = {
			isa = PBXGroup;
			children = (
				1085769821FDD662008ABD2B /* LogHandlers */,
				1085769E21FDD662008ABD2B /* URLRequest+cURL.swift */,
				1085769F21FDD662008ABD2B /* LogComposer.swift */,
				10F73E5C22DA011900257A7B /* NLLogFormatter.swift */,
			);
			path = Logger;
			sourceTree = "<group>";
		};
		1085769821FDD662008ABD2B /* LogHandlers */ = {
			isa = PBXGroup;
			children = (
				1085769921FDD662008ABD2B /* NLLogHandler.swift */,
				10C72690222DAC2D00239900 /* NLBaseLogHandler.swift */,
				1085769B21FDD662008ABD2B /* NLConsoleLogHandler.swift */,
				1085769A21FDD662008ABD2B /* NLRemoteLogHandler.swift */,
				1085769C21FDD662008ABD2B /* NLSlackLogHandler.swift */,
				10C7268E222DA0BE00239900 /* NLFileLogHandler.swift */,
			);
			path = LogHandlers;
			sourceTree = "<group>";
		};
		10AA00D621FE34E6006E4A48 /* Docs */ = {
			isa = PBXGroup;
			children = (
				10AA00D721FE34E6006E4A48 /* R&DConclusions.md */,
				10AA00D821FE34E6006E4A48 /* Technical.md */,
			);
			path = Docs;
			sourceTree = "<group>";
		};
		5EF4AC20FDA5093C4C97ACF3 /* Pods */ = {
			isa = PBXGroup;
			children = (
				2403541FE129CA8495F890D4 /* Pods-NetworkLogger.debug.xcconfig */,
				21645FAD8427AE2A6A40555C /* Pods-NetworkLogger.release.xcconfig */,
				916282C86F8A8E7A7A6EAF88 /* Pods-NetworkLoggerTests.debug.xcconfig */,
				62644C211F75EBCE77D9D635 /* Pods-NetworkLoggerTests.release.xcconfig */,
			);
			name = Pods;
			sourceTree = "<group>";
		};
		E8915F63EF3B82F0FF848A17 /* Frameworks */ = {
			isa = PBXGroup;
			children = (
				C1F8FC2C73F89A2A638E1F47 /* Pods_NetworkLogger.framework */,
				9290FC19A9F604788CF2BA30 /* Pods_NetworkLoggerTests.framework */,
			);
			name = Frameworks;
			sourceTree = "<group>";
		};
/* End PBXGroup section */

/* Begin PBXHeadersBuildPhase section */
		1005805921C65F490020288D /* Headers */ = {
			isa = PBXHeadersBuildPhase;
			buildActionMask = 2147483647;
			files = (
				1005806F21C65F4A0020288D /* NetworkLogger.h in Headers */,
			);
			runOnlyForDeploymentPostprocessing = 0;
		};
/* End PBXHeadersBuildPhase section */

/* Begin PBXNativeTarget section */
		1005805D21C65F490020288D /* NetworkLogger */ = {
			isa = PBXNativeTarget;
			buildConfigurationList = 1005807221C65F4A0020288D /* Build configuration list for PBXNativeTarget "NetworkLogger" */;
			buildPhases = (
				5385EA26D702ACFC603D01A9 /* [CP] Check Pods Manifest.lock */,
				1005805921C65F490020288D /* Headers */,
				1005805A21C65F490020288D /* Sources */,
				1005805B21C65F490020288D /* Frameworks */,
				1005805C21C65F490020288D /* Resources */,
			);
			buildRules = (
			);
			dependencies = (
			);
			name = NetworkLogger;
			productName = NetworkLogger;
			productReference = 1005805E21C65F490020288D /* NetworkLogger.framework */;
			productType = "com.apple.product-type.framework";
		};
		1005806621C65F4A0020288D /* NetworkLoggerTests */ = {
			isa = PBXNativeTarget;
			buildConfigurationList = 1005807521C65F4A0020288D /* Build configuration list for PBXNativeTarget "NetworkLoggerTests" */;
			buildPhases = (
				142854DAB4F368D733B6AEA4 /* [CP] Check Pods Manifest.lock */,
				1005806321C65F4A0020288D /* Sources */,
				1005806421C65F4A0020288D /* Frameworks */,
				1005806521C65F4A0020288D /* Resources */,
				7FE11F4C8C4D4508466E1D3B /* [CP] Embed Pods Frameworks */,
			);
			buildRules = (
			);
			dependencies = (
				1005806A21C65F4A0020288D /* PBXTargetDependency */,
			);
			name = NetworkLoggerTests;
			productName = NetworkLoggerTests;
			productReference = 1005806721C65F4A0020288D /* NetworkLoggerTests.xctest */;
			productType = "com.apple.product-type.bundle.unit-test";
		};
/* End PBXNativeTarget section */

/* Begin PBXProject section */
		1005805521C65F490020288D /* Project object */ = {
			isa = PBXProject;
			attributes = {
				LastSwiftUpdateCheck = 1010;
				LastUpgradeCheck = 1010;
				ORGANIZATIONNAME = "Sunil Sharma";
				TargetAttributes = {
					1005805D21C65F490020288D = {
						CreatedOnToolsVersion = 10.1;
						LastSwiftMigration = 1010;
					};
					1005806621C65F4A0020288D = {
						CreatedOnToolsVersion = 10.1;
					};
				};
			};
			buildConfigurationList = 1005805821C65F490020288D /* Build configuration list for PBXProject "NetworkLogger" */;
			compatibilityVersion = "Xcode 9.3";
			developmentRegion = en;
			hasScannedForEncodings = 0;
			knownRegions = (
				en,
			);
			mainGroup = 1005805421C65F490020288D;
			productRefGroup = 1005805F21C65F490020288D /* Products */;
			projectDirPath = "";
			projectRoot = "";
			targets = (
				1005805D21C65F490020288D /* NetworkLogger */,
				1005806621C65F4A0020288D /* NetworkLoggerTests */,
			);
		};
/* End PBXProject section */

/* Begin PBXResourcesBuildPhase section */
		1005805C21C65F490020288D /* Resources */ = {
			isa = PBXResourcesBuildPhase;
			buildActionMask = 2147483647;
			files = (
				106BB6942304A91D007968A8 /* NLMainUI.storyboard in Resources */,
				10AA00DA21FE34E6006E4A48 /* Technical.md in Resources */,
				10AA00D921FE34E6006E4A48 /* R&DConclusions.md in Resources */,
			);
			runOnlyForDeploymentPostprocessing = 0;
		};
		1005806521C65F4A0020288D /* Resources */ = {
			isa = PBXResourcesBuildPhase;
			buildActionMask = 2147483647;
			files = (
			);
			runOnlyForDeploymentPostprocessing = 0;
		};
/* End PBXResourcesBuildPhase section */

/* Begin PBXShellScriptBuildPhase section */
		142854DAB4F368D733B6AEA4 /* [CP] Check Pods Manifest.lock */ = {
			isa = PBXShellScriptBuildPhase;
			buildActionMask = 2147483647;
			files = (
			);
			inputFileListPaths = (
			);
			inputPaths = (
				"${PODS_PODFILE_DIR_PATH}/Podfile.lock",
				"${PODS_ROOT}/Manifest.lock",
			);
			name = "[CP] Check Pods Manifest.lock";
			outputFileListPaths = (
			);
			outputPaths = (
				"$(DERIVED_FILE_DIR)/Pods-NetworkLoggerTests-checkManifestLockResult.txt",
			);
			runOnlyForDeploymentPostprocessing = 0;
			shellPath = /bin/sh;
			shellScript = "diff \"${PODS_PODFILE_DIR_PATH}/Podfile.lock\" \"${PODS_ROOT}/Manifest.lock\" > /dev/null\nif [ $? != 0 ] ; then\n    # print error to STDERR\n    echo \"error: The sandbox is not in sync with the Podfile.lock. Run 'pod install' or update your CocoaPods installation.\" >&2\n    exit 1\nfi\n# This output is used by Xcode 'outputs' to avoid re-running this script phase.\necho \"SUCCESS\" > \"${SCRIPT_OUTPUT_FILE_0}\"\n";
			showEnvVarsInLog = 0;
		};
		5385EA26D702ACFC603D01A9 /* [CP] Check Pods Manifest.lock */ = {
			isa = PBXShellScriptBuildPhase;
			buildActionMask = 2147483647;
			files = (
			);
			inputFileListPaths = (
			);
			inputPaths = (
				"${PODS_PODFILE_DIR_PATH}/Podfile.lock",
				"${PODS_ROOT}/Manifest.lock",
			);
			name = "[CP] Check Pods Manifest.lock";
			outputFileListPaths = (
			);
			outputPaths = (
				"$(DERIVED_FILE_DIR)/Pods-NetworkLogger-checkManifestLockResult.txt",
			);
			runOnlyForDeploymentPostprocessing = 0;
			shellPath = /bin/sh;
			shellScript = "diff \"${PODS_PODFILE_DIR_PATH}/Podfile.lock\" \"${PODS_ROOT}/Manifest.lock\" > /dev/null\nif [ $? != 0 ] ; then\n    # print error to STDERR\n    echo \"error: The sandbox is not in sync with the Podfile.lock. Run 'pod install' or update your CocoaPods installation.\" >&2\n    exit 1\nfi\n# This output is used by Xcode 'outputs' to avoid re-running this script phase.\necho \"SUCCESS\" > \"${SCRIPT_OUTPUT_FILE_0}\"\n";
			showEnvVarsInLog = 0;
		};
		7FE11F4C8C4D4508466E1D3B /* [CP] Embed Pods Frameworks */ = {
			isa = PBXShellScriptBuildPhase;
			buildActionMask = 2147483647;
			files = (
			);
			inputFileListPaths = (
				"${PODS_ROOT}/Target Support Files/Pods-NetworkLoggerTests/Pods-NetworkLoggerTests-frameworks-${CONFIGURATION}-input-files.xcfilelist",
			);
			name = "[CP] Embed Pods Frameworks";
			outputFileListPaths = (
				"${PODS_ROOT}/Target Support Files/Pods-NetworkLoggerTests/Pods-NetworkLoggerTests-frameworks-${CONFIGURATION}-output-files.xcfilelist",
			);
			runOnlyForDeploymentPostprocessing = 0;
			shellPath = /bin/sh;
			shellScript = "\"${PODS_ROOT}/Target Support Files/Pods-NetworkLoggerTests/Pods-NetworkLoggerTests-frameworks.sh\"\n";
			showEnvVarsInLog = 0;
		};
/* End PBXShellScriptBuildPhase section */

/* Begin PBXSourcesBuildPhase section */
		1005805A21C65F490020288D /* Sources */ = {
			isa = PBXSourcesBuildPhase;
			buildActionMask = 2147483647;
			files = (
				108576A721FDD662008ABD2B /* AppConstants.swift in Sources */,
				1090C206230724DC00575550 /* NLLogListViewController.swift in Sources */,
				108576AE21FDD662008ABD2B /* URLRequest+cURL.swift in Sources */,
				108576AC21FDD662008ABD2B /* NLSlackLogHandler.swift in Sources */,
				1090C20A2307252200575550 /* NLSettingsViewController.swift in Sources */,
				1017F84122C1C9F4000D185E /* NLFilterManager.swift in Sources */,
				108576A621FDD662008ABD2B /* JSONUtils.swift in Sources */,
				10C7268F222DA0BE00239900 /* NLFileLogHandler.swift in Sources */,
				108576A221FDD662008ABD2B /* NLFilter.swift in Sources */,
				108576AB21FDD662008ABD2B /* NLConsoleLogHandler.swift in Sources */,
				10BC314822CD2FD20020167D /* NLAuthenticationChallengeSender.swift in Sources */,
				10F8A9BD230E761400C17B4A /* NLUIExtensions.swift in Sources */,
				1090C2082307250E00575550 /* NLFiltersViewController.swift in Sources */,
				10C72691222DAC2D00239900 /* NLBaseLogHandler.swift in Sources */,
				108576AA21FDD662008ABD2B /* NLRemoteLogHandler.swift in Sources */,
				10F8A9BB230E731300C17B4A /* NLUIManager.swift in Sources */,
				108576A921FDD662008ABD2B /* NLLogHandler.swift in Sources */,
				1090C20C2307403900575550 /* NLUIHelper.swift in Sources */,
				108576A821FDD662008ABD2B /* NetworkInterceptor.swift in Sources */,
				101CA0B3230F23300063B0CF /* NLUIBaseViewController.swift in Sources */,
				10D094C422E4EE0A0020D9DB /* NLLoader.m in Sources */,
				1047D7FA22CA7BAF000A7B6C /* AppUtils.swift in Sources */,
				108576AF21FDD662008ABD2B /* LogComposer.swift in Sources */,
				10142E0522F4710100217BF2 /* MIMEChecker.swift in Sources */,
				10B4076822626644000FD18E /* NLURLProtocol.swift in Sources */,
				1005807921C685000020288D /* NetworkLogger.swift in Sources */,
				10F73E5D22DA011900257A7B /* NLLogFormatter.swift in Sources */,
				10289E76230FCE4A00FDE204 /* NLUILogHandler.swift in Sources */,
				108576B821FDD99A008ABD2B /* Extensions.swift in Sources */,
				106DC65B22D4C9D10037DC28 /* NLLogData.swift in Sources */,
			);
			runOnlyForDeploymentPostprocessing = 0;
		};
		1005806321C65F4A0020288D /* Sources */ = {
			isa = PBXSourcesBuildPhase;
			buildActionMask = 2147483647;
			files = (
				10398B39220B557100EDFC05 /* NetworkInterceptorTests.swift in Sources */,
				1005806D21C65F4A0020288D /* NetworkLoggerTests.swift in Sources */,
				10301A4E2213334B00BCB339 /* NetworkAPI.swift in Sources */,
				10BE806B2233C8B800A147BC /* TestUtils.swift in Sources */,
			);
			runOnlyForDeploymentPostprocessing = 0;
		};
/* End PBXSourcesBuildPhase section */

/* Begin PBXTargetDependency section */
		1005806A21C65F4A0020288D /* PBXTargetDependency */ = {
			isa = PBXTargetDependency;
			target = 1005805D21C65F490020288D /* NetworkLogger */;
			targetProxy = 1005806921C65F4A0020288D /* PBXContainerItemProxy */;
		};
/* End PBXTargetDependency section */

/* Begin XCBuildConfiguration section */
		1005807021C65F4A0020288D /* Debug */ = {
			isa = XCBuildConfiguration;
			buildSettings = {
				ALWAYS_SEARCH_USER_PATHS = NO;
				CLANG_ANALYZER_NONNULL = YES;
				CLANG_ANALYZER_NUMBER_OBJECT_CONVERSION = YES_AGGRESSIVE;
				CLANG_CXX_LANGUAGE_STANDARD = "gnu++14";
				CLANG_CXX_LIBRARY = "libc++";
				CLANG_ENABLE_MODULES = YES;
				CLANG_ENABLE_OBJC_ARC = YES;
				CLANG_ENABLE_OBJC_WEAK = YES;
				CLANG_WARN_BLOCK_CAPTURE_AUTORELEASING = YES;
				CLANG_WARN_BOOL_CONVERSION = YES;
				CLANG_WARN_COMMA = YES;
				CLANG_WARN_CONSTANT_CONVERSION = YES;
				CLANG_WARN_DEPRECATED_OBJC_IMPLEMENTATIONS = YES;
				CLANG_WARN_DIRECT_OBJC_ISA_USAGE = YES_ERROR;
				CLANG_WARN_DOCUMENTATION_COMMENTS = YES;
				CLANG_WARN_EMPTY_BODY = YES;
				CLANG_WARN_ENUM_CONVERSION = YES;
				CLANG_WARN_INFINITE_RECURSION = YES;
				CLANG_WARN_INT_CONVERSION = YES;
				CLANG_WARN_NON_LITERAL_NULL_CONVERSION = YES;
				CLANG_WARN_OBJC_IMPLICIT_RETAIN_SELF = YES;
				CLANG_WARN_OBJC_LITERAL_CONVERSION = YES;
				CLANG_WARN_OBJC_ROOT_CLASS = YES_ERROR;
				CLANG_WARN_RANGE_LOOP_ANALYSIS = YES;
				CLANG_WARN_STRICT_PROTOTYPES = YES;
				CLANG_WARN_SUSPICIOUS_MOVE = YES;
				CLANG_WARN_UNGUARDED_AVAILABILITY = YES_AGGRESSIVE;
				CLANG_WARN_UNREACHABLE_CODE = YES;
				CLANG_WARN__DUPLICATE_METHOD_MATCH = YES;
				CODE_SIGN_IDENTITY = "iPhone Developer";
				COPY_PHASE_STRIP = NO;
				CURRENT_PROJECT_VERSION = 1;
				DEBUG_INFORMATION_FORMAT = dwarf;
				DEFINES_MODULE = YES;
				ENABLE_STRICT_OBJC_MSGSEND = YES;
				ENABLE_TESTABILITY = YES;
				GCC_C_LANGUAGE_STANDARD = gnu11;
				GCC_DYNAMIC_NO_PIC = NO;
				GCC_NO_COMMON_BLOCKS = YES;
				GCC_OPTIMIZATION_LEVEL = 0;
				GCC_PREPROCESSOR_DEFINITIONS = (
					"DEBUG=1",
					"$(inherited)",
				);
				GCC_WARN_64_TO_32_BIT_CONVERSION = YES;
				GCC_WARN_ABOUT_RETURN_TYPE = YES_ERROR;
				GCC_WARN_UNDECLARED_SELECTOR = YES;
				GCC_WARN_UNINITIALIZED_AUTOS = YES_AGGRESSIVE;
				GCC_WARN_UNUSED_FUNCTION = YES;
				GCC_WARN_UNUSED_VARIABLE = YES;
				IPHONEOS_DEPLOYMENT_TARGET = 9.0;
				MTL_ENABLE_DEBUG_INFO = INCLUDE_SOURCE;
				MTL_FAST_MATH = YES;
				ONLY_ACTIVE_ARCH = YES;
				PRODUCT_MODULE_NAME = "$(PRODUCT_NAME)";
				SDKROOT = iphoneos;
				SWIFT_ACTIVE_COMPILATION_CONDITIONS = DEBUG;
				SWIFT_OPTIMIZATION_LEVEL = "-Onone";
				VERSIONING_SYSTEM = "apple-generic";
				VERSION_INFO_PREFIX = "";
			};
			name = Debug;
		};
		1005807121C65F4A0020288D /* Release */ = {
			isa = XCBuildConfiguration;
			buildSettings = {
				ALWAYS_SEARCH_USER_PATHS = NO;
				CLANG_ANALYZER_NONNULL = YES;
				CLANG_ANALYZER_NUMBER_OBJECT_CONVERSION = YES_AGGRESSIVE;
				CLANG_CXX_LANGUAGE_STANDARD = "gnu++14";
				CLANG_CXX_LIBRARY = "libc++";
				CLANG_ENABLE_MODULES = YES;
				CLANG_ENABLE_OBJC_ARC = YES;
				CLANG_ENABLE_OBJC_WEAK = YES;
				CLANG_WARN_BLOCK_CAPTURE_AUTORELEASING = YES;
				CLANG_WARN_BOOL_CONVERSION = YES;
				CLANG_WARN_COMMA = YES;
				CLANG_WARN_CONSTANT_CONVERSION = YES;
				CLANG_WARN_DEPRECATED_OBJC_IMPLEMENTATIONS = YES;
				CLANG_WARN_DIRECT_OBJC_ISA_USAGE = YES_ERROR;
				CLANG_WARN_DOCUMENTATION_COMMENTS = YES;
				CLANG_WARN_EMPTY_BODY = YES;
				CLANG_WARN_ENUM_CONVERSION = YES;
				CLANG_WARN_INFINITE_RECURSION = YES;
				CLANG_WARN_INT_CONVERSION = YES;
				CLANG_WARN_NON_LITERAL_NULL_CONVERSION = YES;
				CLANG_WARN_OBJC_IMPLICIT_RETAIN_SELF = YES;
				CLANG_WARN_OBJC_LITERAL_CONVERSION = YES;
				CLANG_WARN_OBJC_ROOT_CLASS = YES_ERROR;
				CLANG_WARN_RANGE_LOOP_ANALYSIS = YES;
				CLANG_WARN_STRICT_PROTOTYPES = YES;
				CLANG_WARN_SUSPICIOUS_MOVE = YES;
				CLANG_WARN_UNGUARDED_AVAILABILITY = YES_AGGRESSIVE;
				CLANG_WARN_UNREACHABLE_CODE = YES;
				CLANG_WARN__DUPLICATE_METHOD_MATCH = YES;
				CODE_SIGN_IDENTITY = "iPhone Developer";
				COPY_PHASE_STRIP = NO;
				CURRENT_PROJECT_VERSION = 1;
				DEBUG_INFORMATION_FORMAT = "dwarf-with-dsym";
				DEFINES_MODULE = YES;
				ENABLE_NS_ASSERTIONS = NO;
				ENABLE_STRICT_OBJC_MSGSEND = YES;
				GCC_C_LANGUAGE_STANDARD = gnu11;
				GCC_NO_COMMON_BLOCKS = YES;
				GCC_WARN_64_TO_32_BIT_CONVERSION = YES;
				GCC_WARN_ABOUT_RETURN_TYPE = YES_ERROR;
				GCC_WARN_UNDECLARED_SELECTOR = YES;
				GCC_WARN_UNINITIALIZED_AUTOS = YES_AGGRESSIVE;
				GCC_WARN_UNUSED_FUNCTION = YES;
				GCC_WARN_UNUSED_VARIABLE = YES;
				IPHONEOS_DEPLOYMENT_TARGET = 9.0;
				MTL_ENABLE_DEBUG_INFO = NO;
				MTL_FAST_MATH = YES;
				PRODUCT_MODULE_NAME = "$(PRODUCT_NAME)";
				SDKROOT = iphoneos;
				SWIFT_COMPILATION_MODE = wholemodule;
				SWIFT_OPTIMIZATION_LEVEL = "-O";
				VALIDATE_PRODUCT = YES;
				VERSIONING_SYSTEM = "apple-generic";
				VERSION_INFO_PREFIX = "";
			};
			name = Release;
		};
		1005807321C65F4A0020288D /* Debug */ = {
			isa = XCBuildConfiguration;
			baseConfigurationReference = 2403541FE129CA8495F890D4 /* Pods-NetworkLogger.debug.xcconfig */;
			buildSettings = {
				ALWAYS_EMBED_SWIFT_STANDARD_LIBRARIES = "$(inherited)";
				CLANG_ENABLE_MODULES = YES;
				CODE_SIGN_IDENTITY = "";
				CODE_SIGN_STYLE = Automatic;
				DEFINES_MODULE = YES;
				DYLIB_COMPATIBILITY_VERSION = 1;
				DYLIB_CURRENT_VERSION = 1;
				DYLIB_INSTALL_NAME_BASE = "@rpath";
				INFOPLIST_FILE = NetworkLogger/Info.plist;
				INSTALL_PATH = "$(LOCAL_LIBRARY_DIR)/Frameworks";
				LD_RUNPATH_SEARCH_PATHS = (
					"$(inherited)",
					"@executable_path/Frameworks",
					"@loader_path/Frameworks",
				);
				PRODUCT_BUNDLE_IDENTIFIER = com.sunilsharma.NetworkLogger;
				PRODUCT_NAME = "$(TARGET_NAME:c99extidentifier)";
				SKIP_INSTALL = YES;
				SWIFT_OPTIMIZATION_LEVEL = "-Onone";
				SWIFT_VERSION = 4.2;
				TARGETED_DEVICE_FAMILY = "1,2";
			};
			name = Debug;
		};
		1005807421C65F4A0020288D /* Release */ = {
			isa = XCBuildConfiguration;
			baseConfigurationReference = 21645FAD8427AE2A6A40555C /* Pods-NetworkLogger.release.xcconfig */;
			buildSettings = {
				ALWAYS_EMBED_SWIFT_STANDARD_LIBRARIES = "$(inherited)";
				CLANG_ENABLE_MODULES = YES;
				CODE_SIGN_IDENTITY = "";
				CODE_SIGN_STYLE = Automatic;
				DEFINES_MODULE = YES;
				DYLIB_COMPATIBILITY_VERSION = 1;
				DYLIB_CURRENT_VERSION = 1;
				DYLIB_INSTALL_NAME_BASE = "@rpath";
				INFOPLIST_FILE = NetworkLogger/Info.plist;
				INSTALL_PATH = "$(LOCAL_LIBRARY_DIR)/Frameworks";
				LD_RUNPATH_SEARCH_PATHS = (
					"$(inherited)",
					"@executable_path/Frameworks",
					"@loader_path/Frameworks",
				);
				PRODUCT_BUNDLE_IDENTIFIER = com.sunilsharma.NetworkLogger;
				PRODUCT_NAME = "$(TARGET_NAME:c99extidentifier)";
				SKIP_INSTALL = YES;
				SWIFT_VERSION = 4.2;
				TARGETED_DEVICE_FAMILY = "1,2";
			};
			name = Release;
		};
		1005807621C65F4A0020288D /* Debug */ = {
			isa = XCBuildConfiguration;
			baseConfigurationReference = 916282C86F8A8E7A7A6EAF88 /* Pods-NetworkLoggerTests.debug.xcconfig */;
			buildSettings = {
				ALWAYS_EMBED_SWIFT_STANDARD_LIBRARIES = "$(inherited)";
				CODE_SIGN_STYLE = Automatic;
				INFOPLIST_FILE = NetworkLoggerTests/Info.plist;
				LD_RUNPATH_SEARCH_PATHS = (
					"$(inherited)",
					"@executable_path/Frameworks",
					"@loader_path/Frameworks",
				);
				PRODUCT_BUNDLE_IDENTIFIER = com.sunilsharma.NetworkLoggerTests;
				PRODUCT_NAME = "$(TARGET_NAME)";
				SWIFT_VERSION = 4.2;
				TARGETED_DEVICE_FAMILY = "1,2";
			};
			name = Debug;
		};
		1005807721C65F4A0020288D /* Release */ = {
			isa = XCBuildConfiguration;
			baseConfigurationReference = 62644C211F75EBCE77D9D635 /* Pods-NetworkLoggerTests.release.xcconfig */;
			buildSettings = {
				ALWAYS_EMBED_SWIFT_STANDARD_LIBRARIES = "$(inherited)";
				CODE_SIGN_STYLE = Automatic;
				INFOPLIST_FILE = NetworkLoggerTests/Info.plist;
				LD_RUNPATH_SEARCH_PATHS = (
					"$(inherited)",
					"@executable_path/Frameworks",
					"@loader_path/Frameworks",
				);
				PRODUCT_BUNDLE_IDENTIFIER = com.sunilsharma.NetworkLoggerTests;
				PRODUCT_NAME = "$(TARGET_NAME)";
				SWIFT_VERSION = 4.2;
				TARGETED_DEVICE_FAMILY = "1,2";
			};
			name = Release;
		};
/* End XCBuildConfiguration section */

/* Begin XCConfigurationList section */
		1005805821C65F490020288D /* Build configuration list for PBXProject "NetworkLogger" */ = {
			isa = XCConfigurationList;
			buildConfigurations = (
				1005807021C65F4A0020288D /* Debug */,
				1005807121C65F4A0020288D /* Release */,
			);
			defaultConfigurationIsVisible = 0;
			defaultConfigurationName = Release;
		};
		1005807221C65F4A0020288D /* Build configuration list for PBXNativeTarget "NetworkLogger" */ = {
			isa = XCConfigurationList;
			buildConfigurations = (
				1005807321C65F4A0020288D /* Debug */,
				1005807421C65F4A0020288D /* Release */,
			);
			defaultConfigurationIsVisible = 0;
			defaultConfigurationName = Release;
		};
		1005807521C65F4A0020288D /* Build configuration list for PBXNativeTarget "NetworkLoggerTests" */ = {
			isa = XCConfigurationList;
			buildConfigurations = (
				1005807621C65F4A0020288D /* Debug */,
				1005807721C65F4A0020288D /* Release */,
			);
			defaultConfigurationIsVisible = 0;
			defaultConfigurationName = Release;
		};
/* End XCConfigurationList section */
	};
	rootObject = 1005805521C65F490020288D /* Project object */;
}
