PODS:
  - GzipSwift (4.1.0)
  - NetworkLogger (0.0.1):
    - GzipSwift (~> 4.1.0)

DEPENDENCIES:
  - NetworkLogger (from `../`)

SPEC REPOS:
  https://github.com/cocoapods/specs.git:
    - GzipSwift

EXTERNAL SOURCES:
  NetworkLogger:
    :path: "../"

SPEC CHECKSUMS:
  GzipSwift: df1636fa095bd8f21d98db14e7393ecc9e230fed
  NetworkLogger: df5ea2415ba8a80985ecf633d18ec2eef1670ce9

PODFILE CHECKSUM: da65b580cefa92cd64e81ca1c91410717c6bfea8

COCOAPODS: 1.7.0
